
Microsoft Visual Studio Solution File, Format Version 12.00
# Visual Studio Version 16
VisualStudioVersion = 16.0.30611.23
MinimumVisualStudioVersion = 10.0.40219.1
Project("{FAE04EC0-301F-11D3-BF4B-00C04F79EFBC}") = "TelegramBot", "TelegramBot\TelegramBot.csproj", "{E95AFD82-946E-4A3B-97C4-E1A045574BC9}"
EndProject
Global
	GlobalSection(SolutionConfigurationPlatforms) = preSolution
		Debug|Any CPU = Debug|Any CPU
		Release|Any CPU = Release|Any CPU
	EndGlobalSection
	GlobalSection(ProjectConfigurationPlatforms) = postSolution
		{E95AFD82-946E-4A3B-97C4-E1A045574BC9}.Debug|Any CPU.ActiveCfg = Debug|Any CPU
		{E95AFD82-946E-4A3B-97C4-E1A045574BC9}.Debug|Any CPU.Build.0 = Debug|Any CPU
		{E95AFD82-946E-4A3B-97C4-E1A045574BC9}.Release|Any CPU.ActiveCfg = Release|Any CPU
		{E95AFD82-946E-4A3B-97C4-E1A045574BC9}.Release|Any CPU.Build.0 = Release|Any CPU
	EndGlobalSection
	GlobalSection(SolutionProperties) = preSolution
		HideSolutionNode = FALSE
	EndGlobalSection
	GlobalSection(ExtensibilityGlobals) = postSolution
		SolutionGuid = {34741F4F-24C5-4185-AF0F-AC63AD8BB538}
	EndGlobalSection
EndGlobal
